{
    "_meta": {
        "hash": {
            "sha256": "b53704251faa2802f4fb6b9a7e02669a85bfbaa66657161870646aa97b6909c1"
        },
        "pipfile-spec": 6,
        "requires": {
            "python_version": "3.9"
        },
        "sources": [
            {
                "name": "pypi",
                "url": "https://pypi.org/simple",
                "verify_ssl": true
            }
        ]
    },
    "default": {
        "attrs": {
            "hashes": [
                "sha256:31b2eced602aa8423c2aea9c76a724617ed67cf9513173fd3a4f03e3a929c7e6",
                "sha256:832aa3cde19744e49938b91fea06d69ecb9e649c93ba974535d08ad92164f700"
            ],
            "markers": "python_version >= '2.7' and python_version not in '3.0, 3.1, 3.2, 3.3'",
            "version": "==20.3.0"
        },
        "aws-cdk.assets": {
            "hashes": [
                "sha256:7fbe0ce580363c54d385fa15225affc5a715b3a98973dcf1aa0f536a83153e85",
                "sha256:8e313e99a72c6678b20bf4c8f865fc84773be9c0c5b680090c6688f1bd94b508"
            ],
            "markers": "python_version >= '3.6'",
            "version": "==1.102.0"
        },
        "aws-cdk.aws-applicationautoscaling": {
            "hashes": [
                "sha256:46ca9c060ee5e8c1e404bf0ec808ae82a55db172a077d64552ddce51ed1537aa",
                "sha256:f279880f7462f1477529b07af536e1de15d0ba1bf260fb193b71e5a549856410"
            ],
            "markers": "python_version >= '3.6'",
            "version": "==1.102.0"
        },
        "aws-cdk.aws-autoscaling": {
            "hashes": [
                "sha256:cc5dab4a65f7b757359e8882dd919883fa8abfd13f8af6266d33a39cf756aae3",
                "sha256:d8bf39f0d17ebe0c15aaaeb1de8c1b57be50c0f4d62cae6e2c07911bb9c86220"
            ],
            "markers": "python_version >= '3.6'",
            "version": "==1.102.0"
        },
        "aws-cdk.aws-autoscaling-common": {
            "hashes": [
                "sha256:3179aa477e2d3e208af444ba5e4f0f58c1ca57a57b03657bb3ba9415376f3b3b",
                "sha256:5e7b300d506a044bd7b921d426ba2b33b13c749904a5e8cd97ba13c61d337fd6"
            ],
            "markers": "python_version >= '3.6'",
            "version": "==1.102.0"
        },
        "aws-cdk.aws-backup": {
            "hashes": [
                "sha256:2ae0eecc061df838ee5e7b04556d083be58c9babcea9722c45bc00ecb832dc17",
                "sha256:de6932f6d208df59d968ab5bd71018472145e74a2610ae913405ac617edda8bf"
            ],
            "index": "pypi",
            "version": "==1.102.0"
        },
        "aws-cdk.aws-certificatemanager": {
            "hashes": [
                "sha256:1bb41d456563e3a930796e8fca7def24ce81ef600cfdfd7522741ade2a94abdb",
                "sha256:9623e3199ad78973ea19fc5fada8ea676ef7e2173f62e1aee93a0a084ecd743b"
            ],
            "markers": "python_version >= '3.6'",
            "version": "==1.102.0"
        },
        "aws-cdk.aws-cloudformation": {
            "hashes": [
                "sha256:3cab205a536896ca90c4296b1e51fde9cfff81aceb617bb0dcdafd49795d2d4c",
                "sha256:edede7949a74f6a490df69641bbac5091dfed809cb916bddd125feb17e813926"
            ],
            "markers": "python_version >= '3.6'",
            "version": "==1.102.0"
        },
        "aws-cdk.aws-cloudwatch": {
            "hashes": [
                "sha256:5475b811b4b64c979b0febcf44e284b50f35a058abf6b989596477e0beb69a86",
                "sha256:92e2b39c19af12134c62642b6c1a08be01935dc5075db3dfda71597d6e990a77"
            ],
            "markers": "python_version >= '3.6'",
            "version": "==1.102.0"
        },
        "aws-cdk.aws-codeguruprofiler": {
            "hashes": [
                "sha256:676be3a88bd72700304ea5f82fc4bb5be0563681c4b2d143c6d975f7197a745e",
                "sha256:b420a6bfbe36fbeca2adcf38af7074710baa3c20bff981c16aed7d5b0b130499"
            ],
            "markers": "python_version >= '3.6'",
            "version": "==1.102.0"
        },
        "aws-cdk.aws-dynamodb": {
            "hashes": [
                "sha256:1570b79da44cfad809fc31e4062ac70b887abb89b58efbdc595d5393375b1ebb",
                "sha256:ada4a2f4fb3475a3d69977724db85293f82b4096c0b49b62f64276bfe5d4533c"
            ],
            "markers": "python_version >= '3.6'",
            "version": "==1.102.0"
        },
        "aws-cdk.aws-ec2": {
            "hashes": [
                "sha256:36ca046aebe6bcadf1246ae3e05995040259d9e8437d9916dda3ae225ab8ded9",
                "sha256:bd3b755189d3eff757c0b5441312a3ed7e5ab4d5bfd8c25e165d377d2eca28cc"
            ],
            "markers": "python_version >= '3.6'",
            "version": "==1.102.0"
        },
        "aws-cdk.aws-ecr": {
            "hashes": [
                "sha256:09e8082ba37220bbeaacb6ac6f66026f4df5fada3cb84d8a9620a7c100496353",
                "sha256:a472f18b88b5e67cabd311033a666e80c6d9672a6c8a3bbfb29a40520a592316"
            ],
            "markers": "python_version >= '3.6'",
            "version": "==1.102.0"
        },
        "aws-cdk.aws-ecr-assets": {
            "hashes": [
                "sha256:67d771a84826cf07ef14d2ade25960db698c3f6c0e535b41d5e0eee2045a0f82",
                "sha256:78140d77259be939b054097859a819fd66c483dfd1d7fec6b49a94e3591e979a"
            ],
            "markers": "python_version >= '3.6'",
            "version": "==1.102.0"
        },
        "aws-cdk.aws-efs": {
            "hashes": [
                "sha256:52ee21eaed9d2fcbc1378b011085648f5614ec41f4000866518670471c78e235",
                "sha256:957ac1e461d218f911739880ff2efb200a18ee751175d6afaf0231429bec80e5"
            ],
            "markers": "python_version >= '3.6'",
            "version": "==1.102.0"
        },
        "aws-cdk.aws-eks": {
            "hashes": [
                "sha256:7aaa68401c8e972c7342b1b5563704e0deafec23664b91cccea67c68b305fdc3",
                "sha256:8f07a83e7712a57bf80f6aac2a27f72e13dcfbf0e7d73c732b2a11ff70f9ef42"
            ],
            "index": "pypi",
            "version": "==1.102.0"
        },
        "aws-cdk.aws-elasticloadbalancing": {
            "hashes": [
                "sha256:5c572518a7d07c53a09b8ec3bd8da15e7c427efa43652265da0f9175e20db859",
                "sha256:efeb556d37a9e89095941545b663532daca4ea8c4625056cf980abfb356f336b"
            ],
            "markers": "python_version >= '3.6'",
            "version": "==1.102.0"
        },
        "aws-cdk.aws-elasticloadbalancingv2": {
            "hashes": [
                "sha256:a6ed012c2d363118a4ad5ae9e55adc240281542d5e9f35771d96664add7d1f46",
                "sha256:b9943ae761b24d851da4c5ac0c6f9dba4356c6e11f61fe57b7ea3c165bb4c47c"
            ],
            "markers": "python_version >= '3.6'",
            "version": "==1.102.0"
        },
        "aws-cdk.aws-events": {
            "hashes": [
                "sha256:0ce9f36c0c61800e1c3a3f75a5acf527ca351cc9a9f47c723f96868d60e02cc8",
                "sha256:dd0b50eb4aeff8ba7a098bbbc01643c6e1da6d6d161a0b71b6ee630f3d790306"
            ],
            "markers": "python_version >= '3.6'",
            "version": "==1.102.0"
        },
        "aws-cdk.aws-iam": {
            "hashes": [
                "sha256:04bb2f53c00dc738fa9368c4bc3c04668d361dd72f2e0ac57c2adc6f8ddf5fcd",
                "sha256:7f41e5bb6f00062026224add93fdadc8ca946f6761e3134fd02c8d743f90bb78"
            ],
            "markers": "python_version >= '3.6'",
            "version": "==1.102.0"
        },
        "aws-cdk.aws-kms": {
            "hashes": [
                "sha256:d825a872e646b3ea090c8fd48638c831e5d6fb37251db3f9bbe28c4fba499562",
                "sha256:f2575e10fb1f4ed5896b2d0e8c79e9452de0bbb7e926b13f8684fa0e5fe97bdc"
            ],
            "index": "pypi",
            "version": "==1.102.0"
        },
        "aws-cdk.aws-lambda": {
            "hashes": [
                "sha256:12957f6edbcd8a78440e57edd76045583f3076cf9f56cafb72c0bc90d2fa6fdc",
                "sha256:b33671e8e6910b3b87fe910d759f4b71d9e78ccee75e787d9acf823849b79de6"
            ],
            "index": "pypi",
            "version": "==1.102.0"
        },
        "aws-cdk.aws-logs": {
            "hashes": [
                "sha256:71d12a67c67c14b16c4f5c6e7514f642404bc15741df5309f872d112349b1493",
                "sha256:95125331f79dff95526fc107ffca3e85c91bdf9ecf0ab02da56379b9a3049196"
            ],
            "markers": "python_version >= '3.6'",
            "version": "==1.102.0"
        },
        "aws-cdk.aws-rds": {
            "hashes": [
                "sha256:0f7c71df3bcb7c15180842c361973d5ada395658c2adc449bfaa6dd9d9ccc912",
                "sha256:79552a0ea4bf7354d7fc120884bcc714950a5b0d405e0a4b5a9caa8f9495e39a"
            ],
            "markers": "python_version >= '3.6'",
            "version": "==1.102.0"
        },
        "aws-cdk.aws-route53": {
            "hashes": [
                "sha256:ceac8149983e1234b3c3090acad42e01f5f78591b883b695be2101fff547b76e",
                "sha256:dc98e0d7b8092833180d76e1be84ec1b2f0b13ed82d42aeff2a14b3346e4ceeb"
            ],
            "markers": "python_version >= '3.6'",
            "version": "==1.102.0"
        },
        "aws-cdk.aws-s3": {
            "hashes": [
                "sha256:4b7160a36e75c0e9d1b3a246fe058bb67a5ac8f7c3cfb3c94e0b855ce7756680",
                "sha256:aee208e4a4d119be1377621006adb2c7781d60546cda293fbf41072abec56dfc"
            ],
            "index": "pypi",
            "version": "==1.102.0"
        },
        "aws-cdk.aws-s3-assets": {
            "hashes": [
                "sha256:3358d776f197d86071d654b622c1c724bd180edf9688f04df9277d54b373472b",
                "sha256:d972afecd2771dea9c5c414885f0e5b373a4435838870c7545f3a28fe4042365"
            ],
            "markers": "python_version >= '3.6'",
            "version": "==1.102.0"
        },
        "aws-cdk.aws-sam": {
            "hashes": [
                "sha256:7c685a231efc15a900c0e9c61726e696505caa9e0b0076014bf7ae02aa92bcac",
                "sha256:fb19ac29fa5c6259d86edf3a1341da48e1d6e3c2ba595a6c6ef6195fbf82932b"
            ],
            "markers": "python_version >= '3.6'",
            "version": "==1.102.0"
        },
        "aws-cdk.aws-secretsmanager": {
            "hashes": [
                "sha256:c5d11a2cf8e960ff23a0ebce80f6e77b10b4a9e7c17f2bc3dc18af57f7561d61",
                "sha256:f35fc929e92984c41347b355d318e271215baf767e96c1551fe4059666954d54"
            ],
            "markers": "python_version >= '3.6'",
            "version": "==1.102.0"
        },
        "aws-cdk.aws-signer": {
            "hashes": [
                "sha256:14ffb06a78ca9dcef06ac39aac1acd748d2441b17a52cbcbbc9bace2afc990a6",
                "sha256:a920ddd89b0a758096429885d376cf7bad859ce1572b879013a4ee6d125f3b2c"
            ],
            "markers": "python_version >= '3.6'",
            "version": "==1.102.0"
        },
        "aws-cdk.aws-sns": {
            "hashes": [
                "sha256:ab6c7c9fd1d96b4d81bc1137979ad9e2b07371d8722ab1f9e82441b85aca6bc2",
                "sha256:c2f9d57fc79ccc023b139608d0be0410f2ea91f7051d316ffddfaf3adb390804"
            ],
            "markers": "python_version >= '3.6'",
            "version": "==1.102.0"
        },
        "aws-cdk.aws-sqs": {
            "hashes": [
                "sha256:9747adc22363c30472fd9f14d9933ef90dbcc4ae0ab923d22b7e19324f3c7993",
                "sha256:a8cecc38d8a9cf92061609ad21d7250a82e2a8bf32b2cec14cc814daf3f7c008"
            ],
            "markers": "python_version >= '3.6'",
            "version": "==1.102.0"
        },
        "aws-cdk.aws-ssm": {
            "hashes": [
                "sha256:7dd2a64930c8687bb222354f40c26a5b00339e1496a4e3bd9fac23a24135424f",
                "sha256:eb5a63b86cc0f095b004f5a97aef0a5233f58a63eac0de8513fb5c0a041532d3"
            ],
            "markers": "python_version >= '3.6'",
            "version": "==1.102.0"
        },
        "aws-cdk.cloud-assembly-schema": {
            "hashes": [
                "sha256:2aefd0c3c674d6f2df0bbab7da9d45fafbbbacc7d8552e2af20baa01803224f7",
                "sha256:93a6755fab113afc562ab7db5ab9341581cc53e7c706595ce5bcb7821057a0bf"
            ],
            "markers": "python_version >= '3.6'",
            "version": "==1.102.0"
        },
        "aws-cdk.core": {
            "hashes": [
                "sha256:80b718b999635e5323e61d0be2897a6dd4a19ed8e3fb1171b17193f2dce6e994",
                "sha256:bc8f2711895f6e698da47fcdc86ed2049436250bd762651f38c65d845261a0a2"
            ],
            "index": "pypi",
            "version": "==1.102.0"
        },
        "aws-cdk.custom-resources": {
            "hashes": [
                "sha256:8965e75e173444527ed3dee288eae22d6b3b37a943ff646c853f4777195c35e9",
                "sha256:900730dee65bf35cd7191c2efea290a05fd251eacd1c6922fb2f66f7cfda4e91"
            ],
            "markers": "python_version >= '3.6'",
            "version": "==1.102.0"
        },
        "aws-cdk.cx-api": {
            "hashes": [
                "sha256:0b49e0605b49620707442f3ea1b615764b18ed281f645ad9d97584df4e80a681",
                "sha256:150f01f2117790e8934d362ff85abb23232b1a2849a819ed0605c99e927404d6"
            ],
            "markers": "python_version >= '3.6'",
            "version": "==1.102.0"
        },
        "aws-cdk.lambda-layer-awscli": {
            "hashes": [
                "sha256:63a491d61a1f269e1414fbe404c91bd54c922c9b2997fcfc23858791a594e539",
                "sha256:a605ef91eb0ebf40b6a27101c3a8bf0cd495495cd0743bc5099396063ee53338"
            ],
            "markers": "python_version >= '3.6'",
            "version": "==1.102.0"
        },
        "aws-cdk.lambda-layer-kubectl": {
            "hashes": [
                "sha256:9ddacd94e6b0fbca4ed1612a3d4915d757ee2262084609c24bacb3ba4a052760",
                "sha256:cdaff41b831440e0aa7a8d01de54a000d68275623bf8e01f63a286d8459a556b"
            ],
            "markers": "python_version >= '3.6'",
            "version": "==1.102.0"
        },
        "aws-cdk.region-info": {
            "hashes": [
                "sha256:126ec8846321723eea33fa90a5054fd7999aff3bff5eaf29c94991e06c1471b3",
                "sha256:749ce0e17f4aeecca71a1e7f73d3469184af55bced4f17bd4f85b5f6e32ee177"
            ],
            "markers": "python_version >= '3.6'",
            "version": "==1.102.0"
        },
        "cattrs": {
            "hashes": [
                "sha256:277d12740b45e46318b41c3b2e4a3bc067a7b9971cf61f0e96497598ad83f282",
                "sha256:a6233d0ce33d48ac71ef818f8e0b9309a89496b359994c4dfe9ad211c1f6d0a3"
            ],
            "markers": "python_version >= '3.7'",
            "version": "==1.5.0"
        },
        "certifi": {
            "hashes": [
                "sha256:1a4995114262bffbc2413b159f2a1a480c969de6e6eb13ee966d470af86af59c",
                "sha256:719a74fb9e33b9bd44cc7f3a8d94bc35e4049deebe19ba7d8e108280cfd59830"
            ],
            "version": "==2020.12.5"
        },
        "chardet": {
            "hashes": [
                "sha256:0d6f53a15db4120f2b08c94f11e7d93d2c911ee118b6b30a04ec3ee8310179fa",
                "sha256:f864054d66fd9118f2e67044ac8981a54775ec5b67aed0441892edb553d21da5"
            ],
            "markers": "python_version >= '2.7' and python_version not in '3.0, 3.1, 3.2, 3.3, 3.4'",
            "version": "==4.0.0"
        },
        "constructs": {
            "hashes": [
                "sha256:24f9c40a54e66eba22f8e020d7b8efa2f7df415219225f934f217c575afdd8c9",
                "sha256:a4ebf536b74a805bb9277d507c6d355f8b8421ced7879d2186b6464c53fe9496"
            ],
            "markers": "python_version >= '3.6'",
            "version": "==3.3.75"
        },
        "idna": {
            "hashes": [
                "sha256:b307872f855b18632ce0c21c5e45be78c0ea7ae4c15c828c20788b26921eb3f6",
                "sha256:b97d804b1e9b523befed77c48dacec60e6dcb0b5391d57af6a65a312a90648c0"
            ],
            "markers": "python_version >= '2.7' and python_version not in '3.0, 3.1, 3.2, 3.3'",
            "version": "==2.10"
        },
        "jsii": {
            "hashes": [
                "sha256:76d1f7b4aeec8f59356494f1ed253f5ce1094eeaa46b15232564e4c07c0e1fb5",
                "sha256:d3611f0cc4626ceb26ff55e6fe9ad5dae7a351709ed9c4f12f3bd8065b4c9809"
            ],
            "markers": "python_version ~= '3.6'",
            "version": "==1.29.0"
        },
        "publication": {
            "hashes": [
                "sha256:0248885351febc11d8a1098d5c8e3ab2dabcf3e8c0c96db1e17ecd12b53afbe6",
                "sha256:68416a0de76dddcdd2930d1c8ef853a743cc96c82416c4e4d3b5d901c6276dc4"
            ],
            "version": "==0.0.3"
        },
        "python-dateutil": {
            "hashes": [
                "sha256:73ebfe9dbf22e832286dafa60473e4cd239f8592f699aa5adaf10050e6e1823c",
                "sha256:75bb3f31ea686f1197762692a9ee6a7550b59fc6ca3a1f4b5d7e32fb98e2da2a"
            ],
            "markers": "python_version >= '2.7' and python_version not in '3.0, 3.1, 3.2, 3.3'",
            "version": "==2.8.1"
        },
        "pyyaml": {
            "hashes": [
                "sha256:08682f6b72c722394747bddaf0aa62277e02557c0fd1c42cb853016a38f8dedf",
                "sha256:0f5f5786c0e09baddcd8b4b45f20a7b5d61a7e7e99846e3c799b05c7c53fa696",
                "sha256:129def1b7c1bf22faffd67b8f3724645203b79d8f4cc81f674654d9902cb4393",
                "sha256:294db365efa064d00b8d1ef65d8ea2c3426ac366c0c4368d930bf1c5fb497f77",
                "sha256:3b2b1824fe7112845700f815ff6a489360226a5609b96ec2190a45e62a9fc922",
                "sha256:3bd0e463264cf257d1ffd2e40223b197271046d09dadf73a0fe82b9c1fc385a5",
                "sha256:4465124ef1b18d9ace298060f4eccc64b0850899ac4ac53294547536533800c8",
                "sha256:49d4cdd9065b9b6e206d0595fee27a96b5dd22618e7520c33204a4a3239d5b10",
                "sha256:4e0583d24c881e14342eaf4ec5fbc97f934b999a6828693a99157fde912540cc",
                "sha256:5accb17103e43963b80e6f837831f38d314a0495500067cb25afab2e8d7a4018",
                "sha256:607774cbba28732bfa802b54baa7484215f530991055bb562efbed5b2f20a45e",
                "sha256:6c78645d400265a062508ae399b60b8c167bf003db364ecb26dcab2bda048253",
                "sha256:72a01f726a9c7851ca9bfad6fd09ca4e090a023c00945ea05ba1638c09dc3347",
                "sha256:74c1485f7707cf707a7aef42ef6322b8f97921bd89be2ab6317fd782c2d53183",
                "sha256:895f61ef02e8fed38159bb70f7e100e00f471eae2bc838cd0f4ebb21e28f8541",
                "sha256:8c1be557ee92a20f184922c7b6424e8ab6691788e6d86137c5d93c1a6ec1b8fb",
                "sha256:bb4191dfc9306777bc594117aee052446b3fa88737cd13b7188d0e7aa8162185",
                "sha256:bfb51918d4ff3d77c1c856a9699f8492c612cde32fd3bcd344af9be34999bfdc",
                "sha256:c20cfa2d49991c8b4147af39859b167664f2ad4561704ee74c1de03318e898db",
                "sha256:cb333c16912324fd5f769fff6bc5de372e9e7a202247b48870bc251ed40239aa",
                "sha256:d2d9808ea7b4af864f35ea216be506ecec180628aced0704e34aca0b040ffe46",
                "sha256:d483ad4e639292c90170eb6f7783ad19490e7a8defb3e46f97dfe4bacae89122",
                "sha256:dd5de0646207f053eb0d6c74ae45ba98c3395a571a2891858e87df7c9b9bd51b",
                "sha256:e1d4970ea66be07ae37a3c2e48b5ec63f7ba6804bdddfdbd3cfd954d25a82e63",
                "sha256:e4fac90784481d221a8e4b1162afa7c47ed953be40d31ab4629ae917510051df",
                "sha256:fa5ae20527d8e831e8230cbffd9f8fe952815b2b7dae6ffec25318803a7528fc",
                "sha256:fd7f6999a8070df521b6384004ef42833b9bd62cfee11a09bda1079b4b704247",
                "sha256:fdc842473cd33f45ff6bce46aea678a54e3d21f1b61a7750ce3c498eedfe25d6",
                "sha256:fe69978f3f768926cfa37b867e3843918e012cf83f680806599ddce33c2c68b0"
            ],
            "index": "pypi",
            "version": "==5.4.1"
        },
        "requests": {
            "hashes": [
                "sha256:27973dd4a904a4f13b263a19c866c13b92a39ed1c964655f025f3f8d3d75b804",
                "sha256:c210084e36a42ae6b9219e00e48287def368a26d03a048ddad7bfee44f75871e"
            ],
            "index": "pypi",
            "version": "==2.25.1"
        },
        "six": {
            "hashes": [
                "sha256:1e61c37477a1626458e36f7b1d82aa5c9b094fa4802892072e49de9c60c4c926",
                "sha256:8abb2f1d86890a2dfb989f9a77cfcfd3e47c2a354b01111771326f8aa26e0254"
            ],
            "markers": "python_version >= '2.7' and python_version not in '3.0, 3.1, 3.2, 3.3'",
            "version": "==1.16.0"
        },
        "typing-extensions": {
            "hashes": [
                "sha256:0ac0f89795dd19de6b97debb0c6af1c70987fd80a2d62d1958f7e56fcc31b497",
                "sha256:50b6f157849174217d0656f99dc82fe932884fb250826c18350e159ec6cdf342",
                "sha256:779383f6086d90c99ae41cf0ff39aac8a7937a9283ce0a414e5dd782f4c94a84"
            ],
            "version": "==3.10.0.0"
        },
        "urllib3": {
            "hashes": [
                "sha256:2f4da4594db7e1e110a944bb1b551fdf4e6c136ad42e4234131391e21eb5b0df",
                "sha256:e7b021f7241115872f92f43c6508082facffbd1c048e3c6e2bb9c2a157e28937"
            ],
            "markers": "python_version >= '2.7' and python_version not in '3.0, 3.1, 3.2, 3.3, 3.4' and python_version < '4'",
            "version": "==1.26.4"
        }
    },
    "develop": {
        "appdirs": {
            "hashes": [
                "sha256:7d5d0167b2b1ba821647616af46a749d1c653740dd0d2415100fe26e27afdf41",
                "sha256:a841dacd6b99318a741b166adb07e19ee71a274450e68237b4650ca1055ab128"
            ],
            "version": "==1.4.4"
        },
        "black": {
            "hashes": [
                "sha256:0e80435b8a88f383c9149ae89d671eb2095b72344b0fe8a1d61d2ff5110ed173",
                "sha256:9dc2042018ca10735366d944c2c12d9cad6dec74a3d5f679d09384ea185d9943"
            ],
            "index": "pypi",
            "version": "==21.5b0"
        },
        "click": {
            "hashes": [
                "sha256:d2b5255c7c6349bc1bd1e59e08cd12acbbd63ce649f2588755783aa94dfb6b1a",
                "sha256:dacca89f4bfadd5de3d7489b7c8a566eee0d3676333fbb50030263894c38c0dc"
            ],
            "markers": "python_version >= '2.7' and python_version not in '3.0, 3.1, 3.2, 3.3, 3.4'",
            "version": "==7.1.2"
        },
        "flake8": {
            "hashes": [
                "sha256:1aa8990be1e689d96c745c5682b687ea49f2e05a443aff1f8251092b0014e378",
                "sha256:3b9f848952dddccf635be78098ca75010f073bfe14d2c6bda867154bea728d2a"
            ],
            "index": "pypi",
            "version": "==3.9.1"
        },
        "isort": {
            "hashes": [
                "sha256:0a943902919f65c5684ac4e0154b1ad4fac6dcaa5d9f3426b732f1c8b5419be6",
                "sha256:2bb1680aad211e3c9944dbce1d4ba09a989f04e238296c87fe2139faa26d655d"
            ],
            "index": "pypi",
            "version": "==5.8.0"
        },
        "mccabe": {
            "hashes": [
                "sha256:ab8a6258860da4b6677da4bd2fe5dc2c659cff31b3ee4f7f5d64e79735b80d42",
                "sha256:dd8d182285a0fe56bace7f45b5e7d1a6ebcbf524e8f3bd87eb0f125271b8831f"
            ],
            "version": "==0.6.1"
        },
        "mypy-extensions": {
            "hashes": [
                "sha256:090fedd75945a69ae91ce1303b5824f428daf5a028d2f6ab8a299250a846f15d",
                "sha256:2d82818f5bb3e369420cb3c4060a7970edba416647068eb4c5343488a6c604a8"
            ],
            "version": "==0.4.3"
        },
        "pathspec": {
            "hashes": [
                "sha256:86379d6b86d75816baba717e64b1a3a3469deb93bb76d613c9ce79edc5cb68fd",
                "sha256:aa0cb481c4041bf52ffa7b0d8fa6cd3e88a2ca4879c533c9153882ee2556790d"
            ],
            "version": "==0.8.1"
        },
        "pycodestyle": {
            "hashes": [
                "sha256:514f76d918fcc0b55c6680472f0a37970994e07bbb80725808c17089be302068",
                "sha256:c389c1d06bf7904078ca03399a4816f974a1d590090fecea0c63ec26ebaf1cef"
            ],
            "markers": "python_version >= '2.7' and python_version not in '3.0, 3.1, 3.2, 3.3'",
            "version": "==2.7.0"
        },
        "pyflakes": {
            "hashes": [
                "sha256:7893783d01b8a89811dd72d7dfd4d84ff098e5eed95cfa8905b22bbffe52efc3",
                "sha256:f5bc8ecabc05bb9d291eb5203d6810b49040f6ff446a756326104746cc00c1db"
            ],
            "markers": "python_version >= '2.7' and python_version not in '3.0, 3.1, 3.2, 3.3'",
            "version": "==2.3.1"
        },
        "regex": {
            "hashes": [
                "sha256:01afaf2ec48e196ba91b37451aa353cb7eda77efe518e481707e0515025f0cd5",
                "sha256:11d773d75fa650cd36f68d7ca936e3c7afaae41b863b8c387a22aaa78d3c5c79",
                "sha256:18c071c3eb09c30a264879f0d310d37fe5d3a3111662438889ae2eb6fc570c31",
                "sha256:1e1c20e29358165242928c2de1482fb2cf4ea54a6a6dea2bd7a0e0d8ee321500",
                "sha256:281d2fd05555079448537fe108d79eb031b403dac622621c78944c235f3fcf11",
                "sha256:314d66636c494ed9c148a42731b3834496cc9a2c4251b1661e40936814542b14",
                "sha256:32e65442138b7b76dd8173ffa2cf67356b7bc1768851dded39a7a13bf9223da3",
                "sha256:339456e7d8c06dd36a22e451d58ef72cef293112b559010db3d054d5560ef439",
                "sha256:3916d08be28a1149fb97f7728fca1f7c15d309a9f9682d89d79db75d5e52091c",
                "sha256:3a9cd17e6e5c7eb328517969e0cb0c3d31fd329298dd0c04af99ebf42e904f82",
                "sha256:47bf5bf60cf04d72bf6055ae5927a0bd9016096bf3d742fa50d9bf9f45aa0711",
                "sha256:4c46e22a0933dd783467cf32b3516299fb98cfebd895817d685130cc50cd1093",
                "sha256:4c557a7b470908b1712fe27fb1ef20772b78079808c87d20a90d051660b1d69a",
                "sha256:52ba3d3f9b942c49d7e4bc105bb28551c44065f139a65062ab7912bef10c9afb",
                "sha256:563085e55b0d4fb8f746f6a335893bda5c2cef43b2f0258fe1020ab1dd874df8",
                "sha256:598585c9f0af8374c28edd609eb291b5726d7cbce16be6a8b95aa074d252ee17",
                "sha256:619d71c59a78b84d7f18891fe914446d07edd48dc8328c8e149cbe0929b4e000",
                "sha256:67bdb9702427ceddc6ef3dc382455e90f785af4c13d495f9626861763ee13f9d",
                "sha256:6d1b01031dedf2503631d0903cb563743f397ccaf6607a5e3b19a3d76fc10480",
                "sha256:741a9647fcf2e45f3a1cf0e24f5e17febf3efe8d4ba1281dcc3aa0459ef424dc",
                "sha256:7c2a1af393fcc09e898beba5dd59196edaa3116191cc7257f9224beaed3e1aa0",
                "sha256:7d9884d86dd4dd489e981d94a65cd30d6f07203d90e98f6f657f05170f6324c9",
                "sha256:90f11ff637fe8798933fb29f5ae1148c978cccb0452005bf4c69e13db951e765",
                "sha256:919859aa909429fb5aa9cf8807f6045592c85ef56fdd30a9a3747e513db2536e",
                "sha256:96fcd1888ab4d03adfc9303a7b3c0bd78c5412b2bfbe76db5b56d9eae004907a",
                "sha256:97f29f57d5b84e73fbaf99ab3e26134e6687348e95ef6b48cfd2c06807005a07",
                "sha256:980d7be47c84979d9136328d882f67ec5e50008681d94ecc8afa8a65ed1f4a6f",
                "sha256:a91aa8619b23b79bcbeb37abe286f2f408d2f2d6f29a17237afda55bb54e7aac",
                "sha256:ade17eb5d643b7fead300a1641e9f45401c98eee23763e9ed66a43f92f20b4a7",
                "sha256:b9c3db21af35e3b3c05764461b262d6f05bbca08a71a7849fd79d47ba7bc33ed",
                "sha256:bd28bc2e3a772acbb07787c6308e00d9626ff89e3bfcdebe87fa5afbfdedf968",
                "sha256:bf5824bfac591ddb2c1f0a5f4ab72da28994548c708d2191e3b87dd207eb3ad7",
                "sha256:c0502c0fadef0d23b128605d69b58edb2c681c25d44574fc673b0e52dce71ee2",
                "sha256:c38c71df845e2aabb7fb0b920d11a1b5ac8526005e533a8920aea97efb8ec6a4",
                "sha256:ce15b6d103daff8e9fee13cf7f0add05245a05d866e73926c358e871221eae87",
                "sha256:d3029c340cfbb3ac0a71798100ccc13b97dddf373a4ae56b6a72cf70dfd53bc8",
                "sha256:e512d8ef5ad7b898cdb2d8ee1cb09a8339e4f8be706d27eaa180c2f177248a10",
                "sha256:e8e5b509d5c2ff12f8418006d5a90e9436766133b564db0abaec92fd27fcee29",
                "sha256:ee54ff27bf0afaf4c3b3a62bcd016c12c3fdb4ec4f413391a90bd38bc3624605",
                "sha256:fa4537fb4a98fe8fde99626e4681cc644bdcf2a795038533f9f711513a862ae6",
                "sha256:fd45ff9293d9274c5008a2054ecef86a9bfe819a67c7be1afb65e69b405b3042"
            ],
            "version": "==2021.4.4"
        },
        "toml": {
            "hashes": [
                "sha256:806143ae5bfb6a3c6e736a764057db0e6a0e05e338b5630894a5f779cabb4f9b",
                "sha256:b3bda1d108d5dd99f4a20d24d9c348e91c4db7ab1b749200bded2f839ccbe68f"
            ],
            "markers": "python_version >= '2.6' and python_version not in '3.0, 3.1, 3.2, 3.3'",
            "version": "==0.10.2"
        }
    }
}
